
Microsoft Visual Studio Solution File, Format Version 12.00
# Visual Studio Version 17
VisualStudioVersion = 17.9.34728.123
MinimumVisualStudioVersion = 10.0.40219.1
Project("{FAE04EC0-301F-11D3-BF4B-00C04F79EFBC}") = "OperationsOnVectors", "OperationsOnVectors.csproj", "{CD84D55B-081A-460C-8E8B-FA3747EF2217}"
EndProject
Global
	GlobalSection(SolutionConfigurationPlatforms) = preSolution
		Debug|Any CPU = Debug|Any CPU
		Release|Any CPU = Release|Any CPU
	EndGlobalSection
	GlobalSection(ProjectConfigurationPlatforms) = postSolution
		{CD84D55B-081A-460C-8E8B-FA3747EF2217}.Debug|Any CPU.ActiveCfg = Debug|Any CPU
		{CD84D55B-081A-460C-8E8B-FA3747EF2217}.Debug|Any CPU.Build.0 = Debug|Any CPU
		{CD84D55B-081A-460C-8E8B-FA3747EF2217}.Release|Any CPU.ActiveCfg = Release|Any CPU
		{CD84D55B-081A-460C-8E8B-FA3747EF2217}.Release|Any CPU.Build.0 = Release|Any CPU
	EndGlobalSection
	GlobalSection(SolutionProperties) = preSolution
		HideSolutionNode = FALSE
	EndGlobalSection
	GlobalSection(ExtensibilityGlobals) = postSolution
		SolutionGuid = {6516583E-E288-4B17-8995-A39C8EFD16BF}
	EndGlobalSection
EndGlobal
